
Microsoft Visual Studio Solution File, Format Version 12.00
# Visual Studio Version 17
VisualStudioVersion = 17.6.33829.357
MinimumVisualStudioVersion = 10.0.40219.1
Project("{FAE04EC0-301F-11D3-BF4B-00C04F79EFBC}") = "LixoEletronico.API", "LixoEletronico.API\LixoEletronico.API.csproj", "{D49286B3-144C-4198-BBBD-A946288E78C1}"
EndProject
Project("{FAE04EC0-301F-11D3-BF4B-00C04F79EFBC}") = "LixoEletronico.Application", "LixoEletronico.Application\LixoEletronico.Application.csproj", "{257EF314-8346-481D-BBE6-A7A4E1E3EA13}"
EndProject
Project("{FAE04EC0-301F-11D3-BF4B-00C04F79EFBC}") = "LixoEletronico.Domain", "LixoEletronico.Domain\LixoEletronico.Domain.csproj", "{087A17E9-E53F-4CAF-AAE3-C37F0B43D630}"
EndProject
Project("{FAE04EC0-301F-11D3-BF4B-00C04F79EFBC}") = "LixoEletronico.Infra.Data", "LixoEletronico.Infra.Data\LixoEletronico.Infra.Data.csproj", "{96FE3BF9-CA81-432A-8DDE-73A1A8099672}"
EndProject
Project("{FAE04EC0-301F-11D3-BF4B-00C04F79EFBC}") = "LixoEletronico.Infra.IoC", "LixoEletronico.Infra.IoC\LixoEletronico.Infra.IoC.csproj", "{3E7C10AE-BEEA-45DE-90CA-28A6EDF1F9B9}"
EndProject
Global
	GlobalSection(SolutionConfigurationPlatforms) = preSolution
		Debug|Any CPU = Debug|Any CPU
		Release|Any CPU = Release|Any CPU
	EndGlobalSection
	GlobalSection(ProjectConfigurationPlatforms) = postSolution
		{D49286B3-144C-4198-BBBD-A946288E78C1}.Debug|Any CPU.ActiveCfg = Debug|Any CPU
		{D49286B3-144C-4198-BBBD-A946288E78C1}.Debug|Any CPU.Build.0 = Debug|Any CPU
		{D49286B3-144C-4198-BBBD-A946288E78C1}.Release|Any CPU.ActiveCfg = Release|Any CPU
		{D49286B3-144C-4198-BBBD-A946288E78C1}.Release|Any CPU.Build.0 = Release|Any CPU
		{257EF314-8346-481D-BBE6-A7A4E1E3EA13}.Debug|Any CPU.ActiveCfg = Debug|Any CPU
		{257EF314-8346-481D-BBE6-A7A4E1E3EA13}.Debug|Any CPU.Build.0 = Debug|Any CPU
		{257EF314-8346-481D-BBE6-A7A4E1E3EA13}.Release|Any CPU.ActiveCfg = Release|Any CPU
		{257EF314-8346-481D-BBE6-A7A4E1E3EA13}.Release|Any CPU.Build.0 = Release|Any CPU
		{087A17E9-E53F-4CAF-AAE3-C37F0B43D630}.Debug|Any CPU.ActiveCfg = Debug|Any CPU
		{087A17E9-E53F-4CAF-AAE3-C37F0B43D630}.Debug|Any CPU.Build.0 = Debug|Any CPU
		{087A17E9-E53F-4CAF-AAE3-C37F0B43D630}.Release|Any CPU.ActiveCfg = Release|Any CPU
		{087A17E9-E53F-4CAF-AAE3-C37F0B43D630}.Release|Any CPU.Build.0 = Release|Any CPU
		{96FE3BF9-CA81-432A-8DDE-73A1A8099672}.Debug|Any CPU.ActiveCfg = Debug|Any CPU
		{96FE3BF9-CA81-432A-8DDE-73A1A8099672}.Debug|Any CPU.Build.0 = Debug|Any CPU
		{96FE3BF9-CA81-432A-8DDE-73A1A8099672}.Release|Any CPU.ActiveCfg = Release|Any CPU
		{96FE3BF9-CA81-432A-8DDE-73A1A8099672}.Release|Any CPU.Build.0 = Release|Any CPU
		{3E7C10AE-BEEA-45DE-90CA-28A6EDF1F9B9}.Debug|Any CPU.ActiveCfg = Debug|Any CPU
		{3E7C10AE-BEEA-45DE-90CA-28A6EDF1F9B9}.Debug|Any CPU.Build.0 = Debug|Any CPU
		{3E7C10AE-BEEA-45DE-90CA-28A6EDF1F9B9}.Release|Any CPU.ActiveCfg = Release|Any CPU
		{3E7C10AE-BEEA-45DE-90CA-28A6EDF1F9B9}.Release|Any CPU.Build.0 = Release|Any CPU
	EndGlobalSection
	GlobalSection(SolutionProperties) = preSolution
		HideSolutionNode = FALSE
	EndGlobalSection
	GlobalSection(ExtensibilityGlobals) = postSolution
		SolutionGuid = {927F6B64-EA71-4DAC-9820-83C70A6B23F3}
	EndGlobalSection
EndGlobal
